
Microsoft Visual Studio Solution File, Format Version 12.00
# TcXaeShell Solution File, Format Version 11.00
VisualStudioVersion = 15.0.28307.1300
MinimumVisualStudioVersion = 10.0.40219.1
Project("{B1E792BE-AA5F-4E3C-8C82-674BF9C0715B}") = "Src", "Src\Src.tsproj", "{85F68B98-CEFB-4402-8068-6AF54F3E58FE}"
EndProject
Project("{DFBE7525-6864-4E62-8B2E-D530D69D9D96}") = "PackML_StateMachine", "PackML_StateMachine\PackML_StateMachine.tspproj", "{2DCE4168-C775-4F55-A703-B5B6E7C237F8}"
EndProject
Project("{DFBE7525-6864-4E62-8B2E-D530D69D9D96}") = "PackML_StatePattern", "PackML_StatePattern\PackML_StatePattern.tspproj", "{0E4091E4-7FB0-48D7-B536-73CDC445A96B}"
EndProject
Global
	GlobalSection(SolutionConfigurationPlatforms) = preSolution
		Debug|TwinCAT CE7 (ARMV7) = Debug|TwinCAT CE7 (ARMV7)
		Debug|TwinCAT OS (ARMT2) = Debug|TwinCAT OS (ARMT2)
		Debug|TwinCAT RT (x64) = Debug|TwinCAT RT (x64)
		Debug|TwinCAT RT (x86) = Debug|TwinCAT RT (x86)
		Release|TwinCAT CE7 (ARMV7) = Release|TwinCAT CE7 (ARMV7)
		Release|TwinCAT OS (ARMT2) = Release|TwinCAT OS (ARMT2)
		Release|TwinCAT RT (x64) = Release|TwinCAT RT (x64)
		Release|TwinCAT RT (x86) = Release|TwinCAT RT (x86)
	EndGlobalSection
	GlobalSection(ProjectConfigurationPlatforms) = postSolution
		{85F68B98-CEFB-4402-8068-6AF54F3E58FE}.Debug|TwinCAT CE7 (ARMV7).ActiveCfg = Debug|TwinCAT CE7 (ARMV7)
		{85F68B98-CEFB-4402-8068-6AF54F3E58FE}.Debug|TwinCAT CE7 (ARMV7).Build.0 = Debug|TwinCAT CE7 (ARMV7)
		{85F68B98-CEFB-4402-8068-6AF54F3E58FE}.Debug|TwinCAT OS (ARMT2).ActiveCfg = Debug|TwinCAT OS (ARMT2)
		{85F68B98-CEFB-4402-8068-6AF54F3E58FE}.Debug|TwinCAT OS (ARMT2).Build.0 = Debug|TwinCAT OS (ARMT2)
		{85F68B98-CEFB-4402-8068-6AF54F3E58FE}.Debug|TwinCAT RT (x64).ActiveCfg = Debug|TwinCAT RT (x64)
		{85F68B98-CEFB-4402-8068-6AF54F3E58FE}.Debug|TwinCAT RT (x64).Build.0 = Debug|TwinCAT RT (x64)
		{85F68B98-CEFB-4402-8068-6AF54F3E58FE}.Debug|TwinCAT RT (x86).ActiveCfg = Debug|TwinCAT RT (x86)
		{85F68B98-CEFB-4402-8068-6AF54F3E58FE}.Debug|TwinCAT RT (x86).Build.0 = Debug|TwinCAT RT (x86)
		{85F68B98-CEFB-4402-8068-6AF54F3E58FE}.Release|TwinCAT CE7 (ARMV7).ActiveCfg = Release|TwinCAT CE7 (ARMV7)
		{85F68B98-CEFB-4402-8068-6AF54F3E58FE}.Release|TwinCAT CE7 (ARMV7).Build.0 = Release|TwinCAT CE7 (ARMV7)
		{85F68B98-CEFB-4402-8068-6AF54F3E58FE}.Release|TwinCAT OS (ARMT2).ActiveCfg = Release|TwinCAT OS (ARMT2)
		{85F68B98-CEFB-4402-8068-6AF54F3E58FE}.Release|TwinCAT OS (ARMT2).Build.0 = Release|TwinCAT OS (ARMT2)
		{85F68B98-CEFB-4402-8068-6AF54F3E58FE}.Release|TwinCAT RT (x64).ActiveCfg = Release|TwinCAT RT (x64)
		{85F68B98-CEFB-4402-8068-6AF54F3E58FE}.Release|TwinCAT RT (x64).Build.0 = Release|TwinCAT RT (x64)
		{85F68B98-CEFB-4402-8068-6AF54F3E58FE}.Release|TwinCAT RT (x86).ActiveCfg = Release|TwinCAT RT (x86)
		{85F68B98-CEFB-4402-8068-6AF54F3E58FE}.Release|TwinCAT RT (x86).Build.0 = Release|TwinCAT RT (x86)
		{73CD6244-D8F7-404A-B099-F5E9154FD059}.Debug|TwinCAT CE7 (ARMV7).ActiveCfg = Debug|TwinCAT CE7 (ARMV7)
		{73CD6244-D8F7-404A-B099-F5E9154FD059}.Debug|TwinCAT CE7 (ARMV7).Build.0 = Debug|TwinCAT CE7 (ARMV7)
		{73CD6244-D8F7-404A-B099-F5E9154FD059}.Debug|TwinCAT OS (ARMT2).ActiveCfg = Debug|TwinCAT OS (ARMT2)
		{73CD6244-D8F7-404A-B099-F5E9154FD059}.Debug|TwinCAT OS (ARMT2).Build.0 = Debug|TwinCAT OS (ARMT2)
		{73CD6244-D8F7-404A-B099-F5E9154FD059}.Debug|TwinCAT RT (x64).ActiveCfg = Debug|TwinCAT RT (x64)
		{73CD6244-D8F7-404A-B099-F5E9154FD059}.Debug|TwinCAT RT (x64).Build.0 = Debug|TwinCAT RT (x64)
		{73CD6244-D8F7-404A-B099-F5E9154FD059}.Debug|TwinCAT RT (x86).ActiveCfg = Debug|TwinCAT RT (x86)
		{73CD6244-D8F7-404A-B099-F5E9154FD059}.Debug|TwinCAT RT (x86).Build.0 = Debug|TwinCAT RT (x86)
		{73CD6244-D8F7-404A-B099-F5E9154FD059}.Release|TwinCAT CE7 (ARMV7).ActiveCfg = Release|TwinCAT CE7 (ARMV7)
		{73CD6244-D8F7-404A-B099-F5E9154FD059}.Release|TwinCAT CE7 (ARMV7).Build.0 = Release|TwinCAT CE7 (ARMV7)
		{73CD6244-D8F7-404A-B099-F5E9154FD059}.Release|TwinCAT OS (ARMT2).ActiveCfg = Release|TwinCAT OS (ARMT2)
		{73CD6244-D8F7-404A-B099-F5E9154FD059}.Release|TwinCAT OS (ARMT2).Build.0 = Release|TwinCAT OS (ARMT2)
		{73CD6244-D8F7-404A-B099-F5E9154FD059}.Release|TwinCAT RT (x64).ActiveCfg = Release|TwinCAT RT (x64)
		{73CD6244-D8F7-404A-B099-F5E9154FD059}.Release|TwinCAT RT (x64).Build.0 = Release|TwinCAT RT (x64)
		{73CD6244-D8F7-404A-B099-F5E9154FD059}.Release|TwinCAT RT (x86).ActiveCfg = Release|TwinCAT RT (x86)
		{73CD6244-D8F7-404A-B099-F5E9154FD059}.Release|TwinCAT RT (x86).Build.0 = Release|TwinCAT RT (x86)
		{2DCE4168-C775-4F55-A703-B5B6E7C237F8}.Debug|TwinCAT CE7 (ARMV7).ActiveCfg = Debug|TwinCAT CE7 (ARMV7)
		{2DCE4168-C775-4F55-A703-B5B6E7C237F8}.Debug|TwinCAT CE7 (ARMV7).Build.0 = Debug|TwinCAT CE7 (ARMV7)
		{2DCE4168-C775-4F55-A703-B5B6E7C237F8}.Debug|TwinCAT OS (ARMT2).ActiveCfg = Debug|TwinCAT OS (ARMT2)
		{2DCE4168-C775-4F55-A703-B5B6E7C237F8}.Debug|TwinCAT OS (ARMT2).Build.0 = Debug|TwinCAT OS (ARMT2)
		{2DCE4168-C775-4F55-A703-B5B6E7C237F8}.Debug|TwinCAT RT (x64).ActiveCfg = Debug|TwinCAT RT (x64)
		{2DCE4168-C775-4F55-A703-B5B6E7C237F8}.Debug|TwinCAT RT (x64).Build.0 = Debug|TwinCAT RT (x64)
		{2DCE4168-C775-4F55-A703-B5B6E7C237F8}.Debug|TwinCAT RT (x86).ActiveCfg = Debug|TwinCAT RT (x86)
		{2DCE4168-C775-4F55-A703-B5B6E7C237F8}.Debug|TwinCAT RT (x86).Build.0 = Debug|TwinCAT RT (x86)
		{2DCE4168-C775-4F55-A703-B5B6E7C237F8}.Release|TwinCAT CE7 (ARMV7).ActiveCfg = Release|TwinCAT CE7 (ARMV7)
		{2DCE4168-C775-4F55-A703-B5B6E7C237F8}.Release|TwinCAT CE7 (ARMV7).Build.0 = Release|TwinCAT CE7 (ARMV7)
		{2DCE4168-C775-4F55-A703-B5B6E7C237F8}.Release|TwinCAT OS (ARMT2).ActiveCfg = Release|TwinCAT OS (ARMT2)
		{2DCE4168-C775-4F55-A703-B5B6E7C237F8}.Release|TwinCAT OS (ARMT2).Build.0 = Release|TwinCAT OS (ARMT2)
		{2DCE4168-C775-4F55-A703-B5B6E7C237F8}.Release|TwinCAT RT (x64).ActiveCfg = Release|TwinCAT RT (x64)
		{2DCE4168-C775-4F55-A703-B5B6E7C237F8}.Release|TwinCAT RT (x64).Build.0 = Release|TwinCAT RT (x64)
		{2DCE4168-C775-4F55-A703-B5B6E7C237F8}.Release|TwinCAT RT (x86).ActiveCfg = Release|TwinCAT RT (x86)
		{2DCE4168-C775-4F55-A703-B5B6E7C237F8}.Release|TwinCAT RT (x86).Build.0 = Release|TwinCAT RT (x86)
		{888D8419-D068-4C25-B785-A81265ABB285}.Debug|TwinCAT CE7 (ARMV7).ActiveCfg = Debug|TwinCAT CE7 (ARMV7)
		{888D8419-D068-4C25-B785-A81265ABB285}.Debug|TwinCAT CE7 (ARMV7).Build.0 = Debug|TwinCAT CE7 (ARMV7)
		{888D8419-D068-4C25-B785-A81265ABB285}.Debug|TwinCAT OS (ARMT2).ActiveCfg = Debug|TwinCAT OS (ARMT2)
		{888D8419-D068-4C25-B785-A81265ABB285}.Debug|TwinCAT OS (ARMT2).Build.0 = Debug|TwinCAT OS (ARMT2)
		{888D8419-D068-4C25-B785-A81265ABB285}.Debug|TwinCAT RT (x64).ActiveCfg = Debug|TwinCAT RT (x64)
		{888D8419-D068-4C25-B785-A81265ABB285}.Debug|TwinCAT RT (x64).Build.0 = Debug|TwinCAT RT (x64)
		{888D8419-D068-4C25-B785-A81265ABB285}.Debug|TwinCAT RT (x86).ActiveCfg = Debug|TwinCAT RT (x86)
		{888D8419-D068-4C25-B785-A81265ABB285}.Debug|TwinCAT RT (x86).Build.0 = Debug|TwinCAT RT (x86)
		{888D8419-D068-4C25-B785-A81265ABB285}.Release|TwinCAT CE7 (ARMV7).ActiveCfg = Release|TwinCAT CE7 (ARMV7)
		{888D8419-D068-4C25-B785-A81265ABB285}.Release|TwinCAT CE7 (ARMV7).Build.0 = Release|TwinCAT CE7 (ARMV7)
		{888D8419-D068-4C25-B785-A81265ABB285}.Release|TwinCAT OS (ARMT2).ActiveCfg = Release|TwinCAT OS (ARMT2)
		{888D8419-D068-4C25-B785-A81265ABB285}.Release|TwinCAT OS (ARMT2).Build.0 = Release|TwinCAT OS (ARMT2)
		{888D8419-D068-4C25-B785-A81265ABB285}.Release|TwinCAT RT (x64).ActiveCfg = Release|TwinCAT RT (x64)
		{888D8419-D068-4C25-B785-A81265ABB285}.Release|TwinCAT RT (x64).Build.0 = Release|TwinCAT RT (x64)
		{888D8419-D068-4C25-B785-A81265ABB285}.Release|TwinCAT RT (x86).ActiveCfg = Release|TwinCAT RT (x86)
		{888D8419-D068-4C25-B785-A81265ABB285}.Release|TwinCAT RT (x86).Build.0 = Release|TwinCAT RT (x86)
		{0E4091E4-7FB0-48D7-B536-73CDC445A96B}.Debug|TwinCAT CE7 (ARMV7).ActiveCfg = Debug|TwinCAT CE7 (ARMV7)
		{0E4091E4-7FB0-48D7-B536-73CDC445A96B}.Debug|TwinCAT CE7 (ARMV7).Build.0 = Debug|TwinCAT CE7 (ARMV7)
		{0E4091E4-7FB0-48D7-B536-73CDC445A96B}.Debug|TwinCAT OS (ARMT2).ActiveCfg = Debug|TwinCAT OS (ARMT2)
		{0E4091E4-7FB0-48D7-B536-73CDC445A96B}.Debug|TwinCAT OS (ARMT2).Build.0 = Debug|TwinCAT OS (ARMT2)
		{0E4091E4-7FB0-48D7-B536-73CDC445A96B}.Debug|TwinCAT RT (x64).ActiveCfg = Debug|TwinCAT RT (x64)
		{0E4091E4-7FB0-48D7-B536-73CDC445A96B}.Debug|TwinCAT RT (x64).Build.0 = Debug|TwinCAT RT (x64)
		{0E4091E4-7FB0-48D7-B536-73CDC445A96B}.Debug|TwinCAT RT (x86).ActiveCfg = Debug|TwinCAT RT (x86)
		{0E4091E4-7FB0-48D7-B536-73CDC445A96B}.Debug|TwinCAT RT (x86).Build.0 = Debug|TwinCAT RT (x86)
		{0E4091E4-7FB0-48D7-B536-73CDC445A96B}.Release|TwinCAT CE7 (ARMV7).ActiveCfg = Release|TwinCAT CE7 (ARMV7)
		{0E4091E4-7FB0-48D7-B536-73CDC445A96B}.Release|TwinCAT CE7 (ARMV7).Build.0 = Release|TwinCAT CE7 (ARMV7)
		{0E4091E4-7FB0-48D7-B536-73CDC445A96B}.Release|TwinCAT OS (ARMT2).ActiveCfg = Release|TwinCAT OS (ARMT2)
		{0E4091E4-7FB0-48D7-B536-73CDC445A96B}.Release|TwinCAT OS (ARMT2).Build.0 = Release|TwinCAT OS (ARMT2)
		{0E4091E4-7FB0-48D7-B536-73CDC445A96B}.Release|TwinCAT RT (x64).ActiveCfg = Release|TwinCAT RT (x64)
		{0E4091E4-7FB0-48D7-B536-73CDC445A96B}.Release|TwinCAT RT (x64).Build.0 = Release|TwinCAT RT (x64)
		{0E4091E4-7FB0-48D7-B536-73CDC445A96B}.Release|TwinCAT RT (x86).ActiveCfg = Release|TwinCAT RT (x86)
		{0E4091E4-7FB0-48D7-B536-73CDC445A96B}.Release|TwinCAT RT (x86).Build.0 = Release|TwinCAT RT (x86)
		{30CE3B86-00F3-4F2F-8450-768627381DDA}.Debug|TwinCAT CE7 (ARMV7).ActiveCfg = Debug|TwinCAT CE7 (ARMV7)
		{30CE3B86-00F3-4F2F-8450-768627381DDA}.Debug|TwinCAT CE7 (ARMV7).Build.0 = Debug|TwinCAT CE7 (ARMV7)
		{30CE3B86-00F3-4F2F-8450-768627381DDA}.Debug|TwinCAT OS (ARMT2).ActiveCfg = Debug|TwinCAT OS (ARMT2)
		{30CE3B86-00F3-4F2F-8450-768627381DDA}.Debug|TwinCAT OS (ARMT2).Build.0 = Debug|TwinCAT OS (ARMT2)
		{30CE3B86-00F3-4F2F-8450-768627381DDA}.Debug|TwinCAT RT (x64).ActiveCfg = Debug|TwinCAT RT (x64)
		{30CE3B86-00F3-4F2F-8450-768627381DDA}.Debug|TwinCAT RT (x64).Build.0 = Debug|TwinCAT RT (x64)
		{30CE3B86-00F3-4F2F-8450-768627381DDA}.Debug|TwinCAT RT (x86).ActiveCfg = Debug|TwinCAT RT (x86)
		{30CE3B86-00F3-4F2F-8450-768627381DDA}.Debug|TwinCAT RT (x86).Build.0 = Debug|TwinCAT RT (x86)
		{30CE3B86-00F3-4F2F-8450-768627381DDA}.Release|TwinCAT CE7 (ARMV7).ActiveCfg = Release|TwinCAT CE7 (ARMV7)
		{30CE3B86-00F3-4F2F-8450-768627381DDA}.Release|TwinCAT CE7 (ARMV7).Build.0 = Release|TwinCAT CE7 (ARMV7)
		{30CE3B86-00F3-4F2F-8450-768627381DDA}.Release|TwinCAT OS (ARMT2).ActiveCfg = Release|TwinCAT OS (ARMT2)
		{30CE3B86-00F3-4F2F-8450-768627381DDA}.Release|TwinCAT OS (ARMT2).Build.0 = Release|TwinCAT OS (ARMT2)
		{30CE3B86-00F3-4F2F-8450-768627381DDA}.Release|TwinCAT RT (x64).ActiveCfg = Release|TwinCAT RT (x64)
		{30CE3B86-00F3-4F2F-8450-768627381DDA}.Release|TwinCAT RT (x64).Build.0 = Release|TwinCAT RT (x64)
		{30CE3B86-00F3-4F2F-8450-768627381DDA}.Release|TwinCAT RT (x86).ActiveCfg = Release|TwinCAT RT (x86)
		{30CE3B86-00F3-4F2F-8450-768627381DDA}.Release|TwinCAT RT (x86).Build.0 = Release|TwinCAT RT (x86)
	EndGlobalSection
	GlobalSection(SolutionProperties) = preSolution
		HideSolutionNode = FALSE
	EndGlobalSection
	GlobalSection(ExtensibilityGlobals) = postSolution
		SolutionGuid = {D1AC3A91-0926-4BC6-957B-8FE05D7E3C37}
	EndGlobalSection
EndGlobal
